
Microsoft Visual Studio Solution File, Format Version 12.00
# Visual Studio Version 17
VisualStudioVersion = 17.1.32210.238
MinimumVisualStudioVersion = 10.0.40219.1
Project("{8BC9CEB8-8B4A-11D0-8D11-00A0C91BC942}") = "Component", "Component.vcxproj", "{BAA5BAC8-D740-40FB-BC98-36A903E26CE3}"
EndProject
Project("{2150E333-8FDC-42A3-9474-1A3956D46DE8}") = "depend", "depend", "{1C7A919A-D529-43AE-9622-4776A0EB2C2C}"
EndProject
Project("{8BC9CEB8-8B4A-11D0-8D11-00A0C91BC942}") = "Log", "..\..\Log\vcproj\Log.vcxproj", "{5D5B9915-02AE-48B7-8797-616260B97745}"
EndProject
Project("{8BC9CEB8-8B4A-11D0-8D11-00A0C91BC942}") = "Algorithm", "..\..\Algorithm\vcproj\Algorithm.vcxproj", "{E7E85527-7144-4459-96A2-00C3F27BB019}"
EndProject
Global
	GlobalSection(SolutionConfigurationPlatforms) = preSolution
		Debug|x64 = Debug|x64
		Release|x64 = Release|x64
	EndGlobalSection
	GlobalSection(ProjectConfigurationPlatforms) = postSolution
		{BAA5BAC8-D740-40FB-BC98-36A903E26CE3}.Debug|x64.ActiveCfg = Debug|x64
		{BAA5BAC8-D740-40FB-BC98-36A903E26CE3}.Debug|x64.Build.0 = Debug|x64
		{BAA5BAC8-D740-40FB-BC98-36A903E26CE3}.Release|x64.ActiveCfg = Release|x64
		{BAA5BAC8-D740-40FB-BC98-36A903E26CE3}.Release|x64.Build.0 = Release|x64
		{5D5B9915-02AE-48B7-8797-616260B97745}.Debug|x64.ActiveCfg = Debug|x64
		{5D5B9915-02AE-48B7-8797-616260B97745}.Debug|x64.Build.0 = Debug|x64
		{5D5B9915-02AE-48B7-8797-616260B97745}.Release|x64.ActiveCfg = Release|x64
		{5D5B9915-02AE-48B7-8797-616260B97745}.Release|x64.Build.0 = Release|x64
		{E7E85527-7144-4459-96A2-00C3F27BB019}.Debug|x64.ActiveCfg = Debug|x64
		{E7E85527-7144-4459-96A2-00C3F27BB019}.Debug|x64.Build.0 = Debug|x64
		{E7E85527-7144-4459-96A2-00C3F27BB019}.Release|x64.ActiveCfg = Release|x64
		{E7E85527-7144-4459-96A2-00C3F27BB019}.Release|x64.Build.0 = Release|x64
	EndGlobalSection
	GlobalSection(SolutionProperties) = preSolution
		HideSolutionNode = FALSE
	EndGlobalSection
	GlobalSection(NestedProjects) = preSolution
		{5D5B9915-02AE-48B7-8797-616260B97745} = {1C7A919A-D529-43AE-9622-4776A0EB2C2C}
		{E7E85527-7144-4459-96A2-00C3F27BB019} = {1C7A919A-D529-43AE-9622-4776A0EB2C2C}
	EndGlobalSection
	GlobalSection(ExtensibilityGlobals) = postSolution
		SolutionGuid = {6F22E8C7-0B36-487B-B2E9-F12F07EB8E14}
	EndGlobalSection
EndGlobal
