<?xml version="1.0" encoding="utf-8"?>
<Project ToolsVersion="4.0" xmlns="http://schemas.microsoft.com/developer/msbuild/2003">
  <ItemGroup>
    <Filter Include="源文件">
      <UniqueIdentifier>{4FC737F1-C7A5-4376-A066-2A32D752A2FF}</UniqueIdentifier>
      <Extensions>cpp;c;cc;cxx;c++;cppm;ixx;def;odl;idl;hpj;bat;asm;asmx</Extensions>
    </Filter>
    <Filter Include="头文件">
      <UniqueIdentifier>{93995380-89BD-4b04-88EB-625FBE52EBFB}</UniqueIdentifier>
      <Extensions>h;hh;hpp;hxx;h++;hm;inl;inc;ipp;xsd</Extensions>
    </Filter>
    <Filter Include="资源文件">
      <UniqueIdentifier>{67DA6AB6-F800-4c08-8B7A-83BB121AAD01}</UniqueIdentifier>
      <Extensions>rc;ico;cur;bmp;dlg;rc2;rct;bin;rgs;gif;jpg;jpeg;jpe;resx;tiff;tif;png;wav;mfcribbon-ms</Extensions>
    </Filter>
    <Filter Include="头文件\bits_operation">
      <UniqueIdentifier>{1d51b1ba-d1be-4c0d-ad2b-6ae113854986}</UniqueIdentifier>
    </Filter>
    <Filter Include="头文件\common">
      <UniqueIdentifier>{9497b297-0f01-4d56-abc5-1c6ec59fc091}</UniqueIdentifier>
    </Filter>
    <Filter Include="头文件\config">
      <UniqueIdentifier>{f2236cb3-2dde-4af0-8fe3-540ac27407bc}</UniqueIdentifier>
    </Filter>
    <Filter Include="头文件\general">
      <UniqueIdentifier>{b19899d3-6511-4049-929e-4b19b5b44ae4}</UniqueIdentifier>
    </Filter>
    <Filter Include="头文件\thread_pool">
      <UniqueIdentifier>{b48c8444-fa53-48bb-97e6-91e72e135b7e}</UniqueIdentifier>
    </Filter>
    <Filter Include="源文件\common">
      <UniqueIdentifier>{a01b202e-17c2-489c-abb0-d19db96585c0}</UniqueIdentifier>
    </Filter>
    <Filter Include="头文件\thread">
      <UniqueIdentifier>{728bd91f-7c57-4a6f-95c2-02506f1eb742}</UniqueIdentifier>
    </Filter>
    <Filter Include="头文件\thread\lock">
      <UniqueIdentifier>{83e63a2d-a476-48e0-bc4d-d299a1693386}</UniqueIdentifier>
    </Filter>
    <Filter Include="头文件\thread\pool">
      <UniqueIdentifier>{01cb7cb8-b1fd-4a7e-b911-6899ec6bccaa}</UniqueIdentifier>
    </Filter>
  </ItemGroup>
  <ItemGroup>
    <ClInclude Include="..\include\Component\bits_operation\bits_define.h">
      <Filter>头文件\bits_operation</Filter>
    </ClInclude>
    <ClInclude Include="..\include\Component\bits_operation\get_bits.h">
      <Filter>头文件\bits_operation</Filter>
    </ClInclude>
    <ClInclude Include="..\include\Component\bits_operation\int_read_write.h">
      <Filter>头文件\bits_operation</Filter>
    </ClInclude>
    <ClInclude Include="..\include\Component\bits_operation\put_bits.h">
      <Filter>头文件\bits_operation</Filter>
    </ClInclude>
    <ClInclude Include="..\include\Component\common\dream_define.h">
      <Filter>头文件\common</Filter>
    </ClInclude>
    <ClInclude Include="..\include\Component\common\dream_math.h">
      <Filter>头文件\common</Filter>
    </ClInclude>
    <ClInclude Include="..\include\Component\config\ini_config.h">
      <Filter>头文件\config</Filter>
    </ClInclude>
    <ClInclude Include="..\include\Component\general\string_operation.h">
      <Filter>头文件\general</Filter>
    </ClInclude>
    <ClInclude Include="..\include\Component\thread_pool\pthread_pool.h">
      <Filter>头文件\thread_pool</Filter>
    </ClInclude>
    <ClInclude Include="..\include\Component\thread_pool\std_thread_pool.h">
      <Filter>头文件\thread_pool</Filter>
    </ClInclude>
    <ClInclude Include="..\include\Component\general\dream_time.h">
      <Filter>头文件\general</Filter>
    </ClInclude>
    <ClInclude Include="..\include\Component\dream_component.h">
      <Filter>头文件</Filter>
    </ClInclude>
    <ClInclude Include="..\include\Component\common\dream_exception.h">
      <Filter>头文件\common</Filter>
    </ClInclude>
    <ClInclude Include="..\include\Component\thread\dream_thread.h">
      <Filter>头文件\thread</Filter>
    </ClInclude>
    <ClInclude Include="..\include\Component\thread\dream_thread_pool.h">
      <Filter>头文件\thread</Filter>
    </ClInclude>
    <ClInclude Include="..\include\Component\thread\lock\dream_mutex.h">
      <Filter>头文件\thread\lock</Filter>
    </ClInclude>
    <ClInclude Include="..\include\Component\thread\lock\dream_spin_lock.h">
      <Filter>头文件\thread\lock</Filter>
    </ClInclude>
    <ClInclude Include="..\include\Component\common\dream_object.h">
      <Filter>头文件\common</Filter>
    </ClInclude>
    <ClInclude Include="..\include\Component\common\dream_priority_queue.h">
      <Filter>头文件\common</Filter>
    </ClInclude>
    <ClInclude Include="..\include\Component\common\dream_status.h">
      <Filter>头文件\common</Filter>
    </ClInclude>
    <ClInclude Include="..\include\Component\common\dream_queue.h">
      <Filter>头文件\common</Filter>
    </ClInclude>
    <ClInclude Include="..\include\Component\common\dream_ring_buffer_queue.h">
      <Filter>头文件\common</Filter>
    </ClInclude>
    <ClInclude Include="..\include\Component\common\dream_ptr.h">
      <Filter>头文件\common</Filter>
    </ClInclude>
    <ClInclude Include="..\include\Component\common\dream_stealing_queue.h">
      <Filter>头文件\common</Filter>
    </ClInclude>
  </ItemGroup>
  <ItemGroup>
    <ClCompile Include="..\src\dream_time.cpp">
      <Filter>源文件</Filter>
    </ClCompile>
    <ClCompile Include="..\src\ini_config.cpp">
      <Filter>源文件</Filter>
    </ClCompile>
    <ClCompile Include="..\src\pthread_pool.cpp">
      <Filter>源文件</Filter>
    </ClCompile>
    <ClCompile Include="..\src\put_bits.cpp">
      <Filter>源文件</Filter>
    </ClCompile>
    <ClCompile Include="..\src\std_thread_pool.cpp">
      <Filter>源文件</Filter>
    </ClCompile>
    <ClCompile Include="..\src\string_operation.cpp">
      <Filter>源文件</Filter>
    </ClCompile>
  </ItemGroup>
</Project>